
Microsoft Visual Studio Solution File, Format Version 12.00
# Visual Studio 15
VisualStudioVersion = 15.0.26730.12
MinimumVisualStudioVersion = 10.0.40219.1
Project("{FAE04EC0-301F-11D3-BF4B-00C04F79EFBC}") = "Cooperativa.ControlPanel", "CooperativaConstruccion\Cooperativa.ControlPanel.csproj", "{F2976915-ACCF-466E-A57D-D7D6462D029B}"
EndProject
Project("{FAE04EC0-301F-11D3-BF4B-00C04F79EFBC}") = "Cooperativa.FileSystem", "ClassLibrary1\Cooperativa.FileSystem.csproj", "{F039A937-3174-4609-93B7-D589F0178665}"
EndProject
Project("{54435603-DBB4-11D2-8724-00A0C9A8B90C}") = "Setup", "Setup\Setup.vdproj", "{4420B9FD-EF09-4DE5-AE00-034D4C8BAC85}"
EndProject
Global
	GlobalSection(SolutionConfigurationPlatforms) = preSolution
		Debug|Any CPU = Debug|Any CPU
		Release|Any CPU = Release|Any CPU
	EndGlobalSection
	GlobalSection(ProjectConfigurationPlatforms) = postSolution
		{F2976915-ACCF-466E-A57D-D7D6462D029B}.Debug|Any CPU.ActiveCfg = Debug|Any CPU
		{F2976915-ACCF-466E-A57D-D7D6462D029B}.Debug|Any CPU.Build.0 = Debug|Any CPU
		{F2976915-ACCF-466E-A57D-D7D6462D029B}.Release|Any CPU.ActiveCfg = Release|Any CPU
		{F2976915-ACCF-466E-A57D-D7D6462D029B}.Release|Any CPU.Build.0 = Release|Any CPU
		{F039A937-3174-4609-93B7-D589F0178665}.Debug|Any CPU.ActiveCfg = Debug|Any CPU
		{F039A937-3174-4609-93B7-D589F0178665}.Debug|Any CPU.Build.0 = Debug|Any CPU
		{F039A937-3174-4609-93B7-D589F0178665}.Release|Any CPU.ActiveCfg = Release|Any CPU
		{F039A937-3174-4609-93B7-D589F0178665}.Release|Any CPU.Build.0 = Release|Any CPU
		{4420B9FD-EF09-4DE5-AE00-034D4C8BAC85}.Debug|Any CPU.ActiveCfg = Debug
		{4420B9FD-EF09-4DE5-AE00-034D4C8BAC85}.Release|Any CPU.ActiveCfg = Release
	EndGlobalSection
	GlobalSection(SolutionProperties) = preSolution
		HideSolutionNode = FALSE
	EndGlobalSection
	GlobalSection(ExtensibilityGlobals) = postSolution
		SolutionGuid = {46D18968-0D58-4191-93F2-C2B7B0D19916}
	EndGlobalSection
EndGlobal
